
Microsoft Visual Studio Solution File, Format Version 12.00
# Visual Studio Version 17
VisualStudioVersion = 17.5.002.0
MinimumVisualStudioVersion = 10.0.40219.1
Project("{9A19103F-16F7-4668-BE54-9A1E7A4F7556}") = "Hospital", "Hospital.csproj", "{3578F610-29B2-4B40-8198-57182124D01B}"
EndProject
Global
	GlobalSection(SolutionConfigurationPlatforms) = preSolution
		Debug|Any CPU = Debug|Any CPU
		Release|Any CPU = Release|Any CPU
	EndGlobalSection
	GlobalSection(ProjectConfigurationPlatforms) = postSolution
		{3578F610-29B2-4B40-8198-57182124D01B}.Debug|Any CPU.ActiveCfg = Debug|Any CPU
		{3578F610-29B2-4B40-8198-57182124D01B}.Debug|Any CPU.Build.0 = Debug|Any CPU
		{3578F610-29B2-4B40-8198-57182124D01B}.Release|Any CPU.ActiveCfg = Release|Any CPU
		{3578F610-29B2-4B40-8198-57182124D01B}.Release|Any CPU.Build.0 = Release|Any CPU
	EndGlobalSection
	GlobalSection(SolutionProperties) = preSolution
		HideSolutionNode = FALSE
	EndGlobalSection
	GlobalSection(ExtensibilityGlobals) = postSolution
		SolutionGuid = {1AA03044-D37C-4266-99BD-D2A4D7AE8EC0}
	EndGlobalSection
EndGlobal
