
Microsoft Visual Studio Solution File, Format Version 12.00
# Visual Studio Version 17
VisualStudioVersion = 17.5.002.0
MinimumVisualStudioVersion = 10.0.40219.1
Project("{2150E333-8FDC-42A3-9474-1A3956D46DE8}") = "src", "src", "{AA050169-F53D-4A8D-8A60-A3854BD0288D}"
EndProject
Project("{FAE04EC0-301F-11D3-BF4B-00C04F79EFBC}") = "Hospital.Domain", "src\Hospital.Domain\Hospital.Domain.csproj", "{953ECE75-E0A7-4172-9663-4A5AF56899AD}"
EndProject
Project("{2150E333-8FDC-42A3-9474-1A3956D46DE8}") = "test", "test", "{C5C305FC-B852-413A-BB27-4F5FFB5D73C0}"
EndProject
Project("{FAE04EC0-301F-11D3-BF4B-00C04F79EFBC}") = "Hospital.IntegrationTest", "test\Hospital.IntegrationTest\Hospital.IntegrationTest.csproj", "{98F20F6A-FCE5-42B8-ACB9-D35F48E434D5}"
EndProject
Project("{FAE04EC0-301F-11D3-BF4B-00C04F79EFBC}") = "Hospital.UnitTest", "test\Hospital.UnitTest\Hospital.UnitTest.csproj", "{845C59F8-A87C-4414-A175-6816006F9434}"
EndProject
Global
	GlobalSection(SolutionProperties) = preSolution
		HideSolutionNode = FALSE
	EndGlobalSection
	GlobalSection(ExtensibilityGlobals) = postSolution
		SolutionGuid = {1AA03044-D37C-4266-99BD-D2A4D7AE8EC0}
	EndGlobalSection
	GlobalSection(SolutionConfigurationPlatforms) = preSolution
		Debug|Any CPU = Debug|Any CPU
		Debug|x64 = Debug|x64
		Debug|x86 = Debug|x86
		Release|Any CPU = Release|Any CPU
		Release|x64 = Release|x64
		Release|x86 = Release|x86
	EndGlobalSection
	GlobalSection(ProjectConfigurationPlatforms) = postSolution
		{953ECE75-E0A7-4172-9663-4A5AF56899AD}.Debug|Any CPU.ActiveCfg = Debug|Any CPU
		{953ECE75-E0A7-4172-9663-4A5AF56899AD}.Debug|Any CPU.Build.0 = Debug|Any CPU
		{953ECE75-E0A7-4172-9663-4A5AF56899AD}.Debug|x64.ActiveCfg = Debug|Any CPU
		{953ECE75-E0A7-4172-9663-4A5AF56899AD}.Debug|x64.Build.0 = Debug|Any CPU
		{953ECE75-E0A7-4172-9663-4A5AF56899AD}.Debug|x86.ActiveCfg = Debug|Any CPU
		{953ECE75-E0A7-4172-9663-4A5AF56899AD}.Debug|x86.Build.0 = Debug|Any CPU
		{953ECE75-E0A7-4172-9663-4A5AF56899AD}.Release|Any CPU.ActiveCfg = Release|Any CPU
		{953ECE75-E0A7-4172-9663-4A5AF56899AD}.Release|Any CPU.Build.0 = Release|Any CPU
		{953ECE75-E0A7-4172-9663-4A5AF56899AD}.Release|x64.ActiveCfg = Release|Any CPU
		{953ECE75-E0A7-4172-9663-4A5AF56899AD}.Release|x64.Build.0 = Release|Any CPU
		{953ECE75-E0A7-4172-9663-4A5AF56899AD}.Release|x86.ActiveCfg = Release|Any CPU
		{953ECE75-E0A7-4172-9663-4A5AF56899AD}.Release|x86.Build.0 = Release|Any CPU
		{98F20F6A-FCE5-42B8-ACB9-D35F48E434D5}.Debug|Any CPU.ActiveCfg = Debug|Any CPU
		{98F20F6A-FCE5-42B8-ACB9-D35F48E434D5}.Debug|Any CPU.Build.0 = Debug|Any CPU
		{98F20F6A-FCE5-42B8-ACB9-D35F48E434D5}.Debug|x64.ActiveCfg = Debug|Any CPU
		{98F20F6A-FCE5-42B8-ACB9-D35F48E434D5}.Debug|x64.Build.0 = Debug|Any CPU
		{98F20F6A-FCE5-42B8-ACB9-D35F48E434D5}.Debug|x86.ActiveCfg = Debug|Any CPU
		{98F20F6A-FCE5-42B8-ACB9-D35F48E434D5}.Debug|x86.Build.0 = Debug|Any CPU
		{98F20F6A-FCE5-42B8-ACB9-D35F48E434D5}.Release|Any CPU.ActiveCfg = Release|Any CPU
		{98F20F6A-FCE5-42B8-ACB9-D35F48E434D5}.Release|Any CPU.Build.0 = Release|Any CPU
		{98F20F6A-FCE5-42B8-ACB9-D35F48E434D5}.Release|x64.ActiveCfg = Release|Any CPU
		{98F20F6A-FCE5-42B8-ACB9-D35F48E434D5}.Release|x64.Build.0 = Release|Any CPU
		{98F20F6A-FCE5-42B8-ACB9-D35F48E434D5}.Release|x86.ActiveCfg = Release|Any CPU
		{98F20F6A-FCE5-42B8-ACB9-D35F48E434D5}.Release|x86.Build.0 = Release|Any CPU
		{845C59F8-A87C-4414-A175-6816006F9434}.Debug|Any CPU.ActiveCfg = Debug|Any CPU
		{845C59F8-A87C-4414-A175-6816006F9434}.Debug|Any CPU.Build.0 = Debug|Any CPU
		{845C59F8-A87C-4414-A175-6816006F9434}.Debug|x64.ActiveCfg = Debug|Any CPU
		{845C59F8-A87C-4414-A175-6816006F9434}.Debug|x64.Build.0 = Debug|Any CPU
		{845C59F8-A87C-4414-A175-6816006F9434}.Debug|x86.ActiveCfg = Debug|Any CPU
		{845C59F8-A87C-4414-A175-6816006F9434}.Debug|x86.Build.0 = Debug|Any CPU
		{845C59F8-A87C-4414-A175-6816006F9434}.Release|Any CPU.ActiveCfg = Release|Any CPU
		{845C59F8-A87C-4414-A175-6816006F9434}.Release|Any CPU.Build.0 = Release|Any CPU
		{845C59F8-A87C-4414-A175-6816006F9434}.Release|x64.ActiveCfg = Release|Any CPU
		{845C59F8-A87C-4414-A175-6816006F9434}.Release|x64.Build.0 = Release|Any CPU
		{845C59F8-A87C-4414-A175-6816006F9434}.Release|x86.ActiveCfg = Release|Any CPU
		{845C59F8-A87C-4414-A175-6816006F9434}.Release|x86.Build.0 = Release|Any CPU
	EndGlobalSection
	GlobalSection(NestedProjects) = preSolution
		{953ECE75-E0A7-4172-9663-4A5AF56899AD} = {AA050169-F53D-4A8D-8A60-A3854BD0288D}
		{98F20F6A-FCE5-42B8-ACB9-D35F48E434D5} = {C5C305FC-B852-413A-BB27-4F5FFB5D73C0}
		{845C59F8-A87C-4414-A175-6816006F9434} = {C5C305FC-B852-413A-BB27-4F5FFB5D73C0}
	EndGlobalSection
EndGlobal
